// !$*UTF8*$!
{
	archiveVersion = 1;
	classes = {
	};
	objectVersion = 50;
	objects = {

/* Begin PBXBuildFile section */
		593ABAA02303A41F00007D67 /* AppDelegate.m in Sources */ = {isa = PBXBuildFile; fileRef = 593ABA9F2303A41F00007D67 /* AppDelegate.m */; };
		593ABAA32303A41F00007D67 /* ViewController.m in Sources */ = {isa = PBXBuildFile; fileRef = 593ABAA22303A41F00007D67 /* ViewController.m */; };
		593ABAA62303A41F00007D67 /* Main.storyboard in Resources */ = {isa = PBXBuildFile; fileRef = 593ABAA42303A41F00007D67 /* Main.storyboard */; };
		593ABAA82303A42000007D67 /* Assets.xcassets in Resources */ = {isa = PBXBuildFile; fileRef = 593ABAA72303A42000007D67 /* Assets.xcassets */; };
		593ABAAB2303A42000007D67 /* LaunchScreen.storyboard in Resources */ = {isa = PBXBuildFile; fileRef = 593ABAA92303A42000007D67 /* LaunchScreen.storyboard */; };
		593ABAAE2303A42000007D67 /* main.m in Sources */ = {isa = PBXBuildFile; fileRef = 593ABAAD2303A42000007D67 /* main.m */; };
/* End PBXBuildFile section */

/* Begin PBXFileReference section */
		593ABA9B2303A41F00007D67 /* AlgorithmLearning.app */ = {isa = PBXFileReference; explicitFileType = wrapper.application; includeInIndex = 0; path = AlgorithmLearning.app; sourceTree = BUILT_PRODUCTS_DIR; };
		593ABA9E2303A41F00007D67 /* AppDelegate.h */ = {isa = PBXFileReference; lastKnownFileType = sourcecode.c.h; path = AppDelegate.h; sourceTree = "<group>"; };
		593ABA9F2303A41F00007D67 /* AppDelegate.m */ = {isa = PBXFileReference; lastKnownFileType = sourcecode.c.objc; path = AppDelegate.m; sourceTree = "<group>"; };
		593ABAA12303A41F00007D67 /* ViewController.h */ = {isa = PBXFileReference; lastKnownFileType = sourcecode.c.h; path = ViewController.h; sourceTree = "<group>"; };
		593ABAA22303A41F00007D67 /* ViewController.m */ = {isa = PBXFileReference; lastKnownFileType = sourcecode.c.objc; path = ViewController.m; sourceTree = "<group>"; };
		593ABAA52303A41F00007D67 /* Base */ = {isa = PBXFileReference; lastKnownFileType = file.storyboard; name = Base; path = Base.lproj/Main.storyboard; sourceTree = "<group>"; };
		593ABAA72303A42000007D67 /* Assets.xcassets */ = {isa = PBXFileReference; lastKnownFileType = folder.assetcatalog; path = Assets.xcassets; sourceTree = "<group>"; };
		593ABAAA2303A42000007D67 /* Base */ = {isa = PBXFileReference; lastKnownFileType = file.storyboard; name = Base; path = Base.lproj/LaunchScreen.storyboard; sourceTree = "<group>"; };
		593ABAAC2303A42000007D67 /* Info.plist */ = {isa = PBXFileReference; lastKnownFileType = text.plist.xml; path = Info.plist; sourceTree = "<group>"; };
		593ABAAD2303A42000007D67 /* main.m */ = {isa = PBXFileReference; lastKnownFileType = sourcecode.c.objc; path = main.m; sourceTree = "<group>"; };
/* End PBXFileReference section */

/* Begin PBXFrameworksBuildPhase section */
		593ABA982303A41F00007D67 /* Frameworks */ = {
			isa = PBXFrameworksBuildPhase;
			buildActionMask = 2147483647;
			files = (
			);
			runOnlyForDeploymentPostprocessing = 0;
		};
/* End PBXFrameworksBuildPhase section */

/* Begin PBXGroup section */
		593ABA922303A41F00007D67 = {
			isa = PBXGroup;
			children = (
				593ABA9D2303A41F00007D67 /* AlgorithmLearning */,
				593ABA9C2303A41F00007D67 /* Products */,
			);
			sourceTree = "<group>";
		};
		593ABA9C2303A41F00007D67 /* Products */ = {
			isa = PBXGroup;
			children = (
				593ABA9B2303A41F00007D67 /* AlgorithmLearning.app */,
			);
			name = Products;
			sourceTree = "<group>";
		};
		593ABA9D2303A41F00007D67 /* AlgorithmLearning */ = {
			isa = PBXGroup;
			children = (
				593ABA9E2303A41F00007D67 /* AppDelegate.h */,
				593ABA9F2303A41F00007D67 /* AppDelegate.m */,
				593ABAA12303A41F00007D67 /* ViewController.h */,
				593ABAA22303A41F00007D67 /* ViewController.m */,
				593ABAA42303A41F00007D67 /* Main.storyboard */,
				593ABAA72303A42000007D67 /* Assets.xcassets */,
				593ABAA92303A42000007D67 /* LaunchScreen.storyboard */,
				593ABAAC2303A42000007D67 /* Info.plist */,
				593ABAAD2303A42000007D67 /* main.m */,
			);
			path = AlgorithmLearning;
			sourceTree = "<group>";
		};
/* End PBXGroup section */

/* Begin PBXNativeTarget section */
		593ABA9A2303A41F00007D67 /* AlgorithmLearning */ = {
			isa = PBXNativeTarget;
			buildConfigurationList = 593ABAB12303A42000007D67 /* Build configuration list for PBXNativeTarget "AlgorithmLearning" */;
			buildPhases = (
				593ABA972303A41F00007D67 /* Sources */,
				593ABA982303A41F00007D67 /* Frameworks */,
				593ABA992303A41F00007D67 /* Resources */,
			);
			buildRules = (
			);
			dependencies = (
			);
			name = AlgorithmLearning;
			productName = AlgorithmLearning;
			productReference = 593ABA9B2303A41F00007D67 /* AlgorithmLearning.app */;
			productType = "com.apple.product-type.application";
		};
/* End PBXNativeTarget section */

/* Begin PBXProject section */
		593ABA932303A41F00007D67 /* Project object */ = {
			isa = PBXProject;
			attributes = {
				LastUpgradeCheck = 1010;
				ORGANIZATIONNAME = usher;
				TargetAttributes = {
					593ABA9A2303A41F00007D67 = {
						CreatedOnToolsVersion = 10.1;
					};
				};
			};
			buildConfigurationList = 593ABA962303A41F00007D67 /* Build configuration list for PBXProject "AlgorithmLearning" */;
			compatibilityVersion = "Xcode 9.3";
			developmentRegion = en;
			hasScannedForEncodings = 0;
			knownRegions = (
				en,
				Base,
			);
			mainGroup = 593ABA922303A41F00007D67;
			productRefGroup = 593ABA9C2303A41F00007D67 /* Products */;
			projectDirPath = "";
			projectRoot = "";
			targets = (
				593ABA9A2303A41F00007D67 /* AlgorithmLearning */,
			);
		};
/* End PBXProject section */

/* Begin PBXResourcesBuildPhase section */
		593ABA992303A41F00007D67 /* Resources */ = {
			isa = PBXResourcesBuildPhase;
			buildActionMask = 2147483647;
			files = (
				593ABAAB2303A42000007D67 /* LaunchScreen.storyboard in Resources */,
				593ABAA82303A42000007D67 /* Assets.xcassets in Resources */,
				593ABAA62303A41F00007D67 /* Main.storyboard in Resources */,
			);
			runOnlyForDeploymentPostprocessing = 0;
		};
/* End PBXResourcesBuildPhase section */

/* Begin PBXSourcesBuildPhase section */
		593ABA972303A41F00007D67 /* Sources */ = {
			isa = PBXSourcesBuildPhase;
			buildActionMask = 2147483647;
			files = (
				593ABAA32303A41F00007D67 /* ViewController.m in Sources */,
				593ABAAE2303A42000007D67 /* main.m in Sources */,
				593ABAA02303A41F00007D67 /* AppDelegate.m in Sources */,
			);
			runOnlyForDeploymentPostprocessing = 0;
		};
/* End PBXSourcesBuildPhase section */

/* Begin PBXVariantGroup section */
		593ABAA42303A41F00007D67 /* Main.storyboard */ = {
			isa = PBXVariantGroup;
			children = (
				593ABAA52303A41F00007D67 /* Base */,
			);
			name = Main.storyboard;
			sourceTree = "<group>";
		};
		593ABAA92303A42000007D67 /* LaunchScreen.storyboard */ = {
			isa = PBXVariantGroup;
			children = (
				593ABAAA2303A42000007D67 /* Base */,
			);
			name = LaunchScreen.storyboard;
			sourceTree = "<group>";
		};
/* End PBXVariantGroup section */

/* Begin XCBuildConfiguration section */
		593ABAAF2303A42000007D67 /* Debug */ = {
			isa = XCBuildConfiguration;
			buildSettings = {
				ALWAYS_SEARCH_USER_PATHS = NO;
				CLANG_ANALYZER_NONNULL = YES;
				CLANG_ANALYZER_NUMBER_OBJECT_CONVERSION = YES_AGGRESSIVE;
				CLANG_CXX_LANGUAGE_STANDARD = "gnu++14";
				CLANG_CXX_LIBRARY = "libc++";
				CLANG_ENABLE_MODULES = YES;
				CLANG_ENABLE_OBJC_ARC = YES;
				CLANG_ENABLE_OBJC_WEAK = YES;
				CLANG_WARN_BLOCK_CAPTURE_AUTORELEASING = YES;
				CLANG_WARN_BOOL_CONVERSION = YES;
				CLANG_WARN_COMMA = YES;
				CLANG_WARN_CONSTANT_CONVERSION = YES;
				CLANG_WARN_DEPRECATED_OBJC_IMPLEMENTATIONS = YES;
				CLANG_WARN_DIRECT_OBJC_ISA_USAGE = YES_ERROR;
				CLANG_WARN_DOCUMENTATION_COMMENTS = YES;
				CLANG_WARN_EMPTY_BODY = YES;
				CLANG_WARN_ENUM_CONVERSION = YES;
				CLANG_WARN_INFINITE_RECURSION = YES;
				CLANG_WARN_INT_CONVERSION = YES;
				CLANG_WARN_NON_LITERAL_NULL_CONVERSION = YES;
				CLANG_WARN_OBJC_IMPLICIT_RETAIN_SELF = YES;
				CLANG_WARN_OBJC_LITERAL_CONVERSION = YES;
				CLANG_WARN_OBJC_ROOT_CLASS = YES_ERROR;
				CLANG_WARN_RANGE_LOOP_ANALYSIS = YES;
				CLANG_WARN_STRICT_PROTOTYPES = YES;
				CLANG_WARN_SUSPICIOUS_MOVE = YES;
				CLANG_WARN_UNGUARDED_AVAILABILITY = YES_AGGRESSIVE;
				CLANG_WARN_UNREACHABLE_CODE = YES;
				CLANG_WARN__DUPLICATE_METHOD_MATCH = YES;
				CODE_SIGN_IDENTITY = "iPhone Developer";
				COPY_PHASE_STRIP = NO;
				DEBUG_INFORMATION_FORMAT = dwarf;
				ENABLE_STRICT_OBJC_MSGSEND = YES;
				ENABLE_TESTABILITY = YES;
				GCC_C_LANGUAGE_STANDARD = gnu11;
				GCC_DYNAMIC_NO_PIC = NO;
				GCC_NO_COMMON_BLOCKS = YES;
				GCC_OPTIMIZATION_LEVEL = 0;
				GCC_PREPROCESSOR_DEFINITIONS = (
					"DEBUG=1",
					"$(inherited)",
				);
				GCC_WARN_64_TO_32_BIT_CONVERSION = YES;
				GCC_WARN_ABOUT_RETURN_TYPE = YES_ERROR;
				GCC_WARN_UNDECLARED_SELECTOR = YES;
				GCC_WARN_UNINITIALIZED_AUTOS = YES_AGGRESSIVE;
				GCC_WARN_UNUSED_FUNCTION = YES;
				GCC_WARN_UNUSED_VARIABLE = YES;
				IPHONEOS_DEPLOYMENT_TARGET = 12.1;
				MTL_ENABLE_DEBUG_INFO = INCLUDE_SOURCE;
				MTL_FAST_MATH = YES;
				ONLY_ACTIVE_ARCH = YES;
				SDKROOT = iphoneos;
			};
			name = Debug;
		};
		593ABAB02303A42000007D67 /* Release */ = {
			isa = XCBuildConfiguration;
			buildSettings = {
				ALWAYS_SEARCH_USER_PATHS = NO;
				CLANG_ANALYZER_NONNULL = YES;
				CLANG_ANALYZER_NUMBER_OBJECT_CONVERSION = YES_AGGRESSIVE;
				CLANG_CXX_LANGUAGE_STANDARD = "gnu++14";
				CLANG_CXX_LIBRARY = "libc++";
				CLANG_ENABLE_MODULES = YES;
				CLANG_ENABLE_OBJC_ARC = YES;
				CLANG_ENABLE_OBJC_WEAK = YES;
				CLANG_WARN_BLOCK_CAPTURE_AUTORELEASING = YES;
				CLANG_WARN_BOOL_CONVERSION = YES;
				CLANG_WARN_COMMA = YES;
				CLANG_WARN_CONSTANT_CONVERSION = YES;
				CLANG_WARN_DEPRECATED_OBJC_IMPLEMENTATIONS = YES;
				CLANG_WARN_DIRECT_OBJC_ISA_USAGE = YES_ERROR;
				CLANG_WARN_DOCUMENTATION_COMMENTS = YES;
				CLANG_WARN_EMPTY_BODY = YES;
				CLANG_WARN_ENUM_CONVERSION = YES;
				CLANG_WARN_INFINITE_RECURSION = YES;
				CLANG_WARN_INT_CONVERSION = YES;
				CLANG_WARN_NON_LITERAL_NULL_CONVERSION = YES;
				CLANG_WARN_OBJC_IMPLICIT_RETAIN_SELF = YES;
				CLANG_WARN_OBJC_LITERAL_CONVERSION = YES;
				CLANG_WARN_OBJC_ROOT_CLASS = YES_ERROR;
				CLANG_WARN_RANGE_LOOP_ANALYSIS = YES;
				CLANG_WARN_STRICT_PROTOTYPES = YES;
				CLANG_WARN_SUSPICIOUS_MOVE = YES;
				CLANG_WARN_UNGUARDED_AVAILABILITY = YES_AGGRESSIVE;
				CLANG_WARN_UNREACHABLE_CODE = YES;
				CLANG_WARN__DUPLICATE_METHOD_MATCH = YES;
				CODE_SIGN_IDENTITY = "iPhone Developer";
				COPY_PHASE_STRIP = NO;
				DEBUG_INFORMATION_FORMAT = "dwarf-with-dsym";
				ENABLE_NS_ASSERTIONS = NO;
				ENABLE_STRICT_OBJC_MSGSEND = YES;
				GCC_C_LANGUAGE_STANDARD = gnu11;
				GCC_NO_COMMON_BLOCKS = YES;
				GCC_WARN_64_TO_32_BIT_CONVERSION = YES;
				GCC_WARN_ABOUT_RETURN_TYPE = YES_ERROR;
				GCC_WARN_UNDECLARED_SELECTOR = YES;
				GCC_WARN_UNINITIALIZED_AUTOS = YES_AGGRESSIVE;
				GCC_WARN_UNUSED_FUNCTION = YES;
				GCC_WARN_UNUSED_VARIABLE = YES;
				IPHONEOS_DEPLOYMENT_TARGET = 12.1;
				MTL_ENABLE_DEBUG_INFO = NO;
				MTL_FAST_MATH = YES;
				SDKROOT = iphoneos;
				VALIDATE_PRODUCT = YES;
			};
			name = Release;
		};
		593ABAB22303A42000007D67 /* Debug */ = {
			isa = XCBuildConfiguration;
			buildSettings = {
				ASSETCATALOG_COMPILER_APPICON_NAME = AppIcon;
				CODE_SIGN_STYLE = Automatic;
				DEVELOPMENT_TEAM = KTGHC25WAQ;
				INFOPLIST_FILE = AlgorithmLearning/Info.plist;
				LD_RUNPATH_SEARCH_PATHS = (
					"$(inherited)",
					"@executable_path/Frameworks",
				);
				PRODUCT_BUNDLE_IDENTIFIER = com.usher.AlgorithmLearning;
				PRODUCT_NAME = "$(TARGET_NAME)";
				TARGETED_DEVICE_FAMILY = "1,2";
			};
			name = Debug;
		};
		593ABAB32303A42000007D67 /* Release */ = {
			isa = XCBuildConfiguration;
			buildSettings = {
				ASSETCATALOG_COMPILER_APPICON_NAME = AppIcon;
				CODE_SIGN_STYLE = Automatic;
				DEVELOPMENT_TEAM = KTGHC25WAQ;
				INFOPLIST_FILE = AlgorithmLearning/Info.plist;
				LD_RUNPATH_SEARCH_PATHS = (
					"$(inherited)",
					"@executable_path/Frameworks",
				);
				PRODUCT_BUNDLE_IDENTIFIER = com.usher.AlgorithmLearning;
				PRODUCT_NAME = "$(TARGET_NAME)";
				TARGETED_DEVICE_FAMILY = "1,2";
			};
			name = Release;
		};
/* End XCBuildConfiguration section */

/* Begin XCConfigurationList section */
		593ABA962303A41F00007D67 /* Build configuration list for PBXProject "AlgorithmLearning" */ = {
			isa = XCConfigurationList;
			buildConfigurations = (
				593ABAAF2303A42000007D67 /* Debug */,
				593ABAB02303A42000007D67 /* Release */,
			);
			defaultConfigurationIsVisible = 0;
			defaultConfigurationName = Release;
		};
		593ABAB12303A42000007D67 /* Build configuration list for PBXNativeTarget "AlgorithmLearning" */ = {
			isa = XCConfigurationList;
			buildConfigurations = (
				593ABAB22303A42000007D67 /* Debug */,
				593ABAB32303A42000007D67 /* Release */,
			);
			defaultConfigurationIsVisible = 0;
			defaultConfigurationName = Release;
		};
/* End XCConfigurationList section */
	};
	rootObject = 593ABA932303A41F00007D67 /* Project object */;
}
